
Microsoft Visual Studio Solution File, Format Version 10.00
# Visual Studio 2008
Project("{FAE04EC0-301F-11D3-BF4B-00C04F79EFBC}") = "CancelService", "CancelService\CancelService.csproj", "{16019E7E-8EB7-41D0-AF58-1E36CC094799}"
EndProject
Project("{2150E333-8FDC-42A3-9474-1A3956D46DE8}") = "Code Style Enforcer", "Code Style Enforcer", "{7DDE9334-B335-4C27-9090-F09D365AD6AC}"
	ProjectSection(SolutionItems) = preProject
		..\..\..\..\..\..\..\Program Files\Code Style Enforcer\CustomRules\ImplementationRules.xml = ..\..\..\..\..\..\..\Program Files\Code Style Enforcer\CustomRules\ImplementationRules.xml
		..\..\..\..\..\..\..\Program Files\Code Style Enforcer\CustomRules\NameRules.xml = ..\..\..\..\..\..\..\Program Files\Code Style Enforcer\CustomRules\NameRules.xml
		..\..\..\..\..\..\..\Program Files\Code Style Enforcer\CustomRules\VisibilityRules.xml = ..\..\..\..\..\..\..\Program Files\Code Style Enforcer\CustomRules\VisibilityRules.xml
	EndProjectSection
EndProject
Global
	GlobalSection(SolutionConfigurationPlatforms) = preSolution
		Debug|Any CPU = Debug|Any CPU
		Release|Any CPU = Release|Any CPU
	EndGlobalSection
	GlobalSection(ProjectConfigurationPlatforms) = postSolution
		{16019E7E-8EB7-41D0-AF58-1E36CC094799}.Debug|Any CPU.ActiveCfg = Debug|Any CPU
		{16019E7E-8EB7-41D0-AF58-1E36CC094799}.Debug|Any CPU.Build.0 = Debug|Any CPU
		{16019E7E-8EB7-41D0-AF58-1E36CC094799}.Release|Any CPU.ActiveCfg = Release|Any CPU
		{16019E7E-8EB7-41D0-AF58-1E36CC094799}.Release|Any CPU.Build.0 = Release|Any CPU
	EndGlobalSection
	GlobalSection(SolutionProperties) = preSolution
		HideSolutionNode = FALSE
	EndGlobalSection
	GlobalSection(ExtensibilityGlobals) = postSolution
		CodeStyleEnforcer_RulesLocation = 0
		CodeStyleEnforcer_Active = -1
	EndGlobalSection
EndGlobal
